
Microsoft Visual Studio Solution File, Format Version 12.00
# Visual Studio Version 17
VisualStudioVersion = 17.7.34031.279
MinimumVisualStudioVersion = 10.0.40219.1
Project("{9A19103F-16F7-4668-BE54-9A1E7A4F7556}") = "AIMonkeysDev.Gpt", "AIMonkeysDev.Gpt\AIMonkeysDev.Gpt.csproj", "{A6558525-F1AC-41D7-8543-C4442084003B}"
EndProject
Project("{9A19103F-16F7-4668-BE54-9A1E7A4F7556}") = "AIMonkeysDev.Console", "AIMonkeysDev.Console\AIMonkeysDev.Console.csproj", "{F7C01BE0-41D1-42D7-82D7-21B7A71B0735}"
EndProject
Global
	GlobalSection(SolutionConfigurationPlatforms) = preSolution
		Debug|Any CPU = Debug|Any CPU
		Release|Any CPU = Release|Any CPU
	EndGlobalSection
	GlobalSection(ProjectConfigurationPlatforms) = postSolution
		{A6558525-F1AC-41D7-8543-C4442084003B}.Debug|Any CPU.ActiveCfg = Debug|Any CPU
		{A6558525-F1AC-41D7-8543-C4442084003B}.Debug|Any CPU.Build.0 = Debug|Any CPU
		{A6558525-F1AC-41D7-8543-C4442084003B}.Release|Any CPU.ActiveCfg = Release|Any CPU
		{A6558525-F1AC-41D7-8543-C4442084003B}.Release|Any CPU.Build.0 = Release|Any CPU
		{F7C01BE0-41D1-42D7-82D7-21B7A71B0735}.Debug|Any CPU.ActiveCfg = Debug|Any CPU
		{F7C01BE0-41D1-42D7-82D7-21B7A71B0735}.Debug|Any CPU.Build.0 = Debug|Any CPU
		{F7C01BE0-41D1-42D7-82D7-21B7A71B0735}.Release|Any CPU.ActiveCfg = Release|Any CPU
		{F7C01BE0-41D1-42D7-82D7-21B7A71B0735}.Release|Any CPU.Build.0 = Release|Any CPU
	EndGlobalSection
	GlobalSection(SolutionProperties) = preSolution
		HideSolutionNode = FALSE
	EndGlobalSection
	GlobalSection(ExtensibilityGlobals) = postSolution
		SolutionGuid = {1A979C0A-7A97-44BA-9115-973547339DA1}
	EndGlobalSection
EndGlobal
